
Microsoft Visual Studio Solution File, Format Version 12.00
# Visual Studio 15
VisualStudioVersion = 15.0.26430.6
MinimumVisualStudioVersion = 10.0.40219.1
Project("{2150E333-8FDC-42A3-9474-1A3956D46DE8}") = "src", "src", "{4D95F895-8646-4788-A5C6-EEE5C5410BC7}"
EndProject
Project("{2150E333-8FDC-42A3-9474-1A3956D46DE8}") = "Solution Items", "Solution Items", "{A19FB50A-5EC6-436A-AABE-524F8DDF2DDA}"
EndProject
Project("{9A19103F-16F7-4668-BE54-9A1E7A4F7556}") = "BuzzerBox", "src\BuzzerBox\BuzzerBox.csproj", "{2999F494-4F07-4ADB-B71D-E48AEFE5453D}"
EndProject
Project("{FAE04EC0-301F-11D3-BF4B-00C04F79EFBC}") = "BuzzerEntities", "BuzzerMessages\BuzzerEntities.csproj", "{3058A6E6-F11F-4968-9A2F-A0816B59AB60}"
EndProject
Project("{FAE04EC0-301F-11D3-BF4B-00C04F79EFBC}") = "BuzzerBoxTests", "BuzzerBoxTests\BuzzerBoxTests.csproj", "{A03E3AFB-78DB-47FE-BE7C-C61477068683}"
EndProject
Global
	GlobalSection(SolutionConfigurationPlatforms) = preSolution
		Debug|Any CPU = Debug|Any CPU
		Release|Any CPU = Release|Any CPU
	EndGlobalSection
	GlobalSection(ProjectConfigurationPlatforms) = postSolution
		{2999F494-4F07-4ADB-B71D-E48AEFE5453D}.Debug|Any CPU.ActiveCfg = Debug|Any CPU
		{2999F494-4F07-4ADB-B71D-E48AEFE5453D}.Debug|Any CPU.Build.0 = Debug|Any CPU
		{2999F494-4F07-4ADB-B71D-E48AEFE5453D}.Release|Any CPU.ActiveCfg = Release|Any CPU
		{2999F494-4F07-4ADB-B71D-E48AEFE5453D}.Release|Any CPU.Build.0 = Release|Any CPU
		{3058A6E6-F11F-4968-9A2F-A0816B59AB60}.Debug|Any CPU.ActiveCfg = Debug|Any CPU
		{3058A6E6-F11F-4968-9A2F-A0816B59AB60}.Debug|Any CPU.Build.0 = Debug|Any CPU
		{3058A6E6-F11F-4968-9A2F-A0816B59AB60}.Release|Any CPU.ActiveCfg = Release|Any CPU
		{3058A6E6-F11F-4968-9A2F-A0816B59AB60}.Release|Any CPU.Build.0 = Release|Any CPU
		{A03E3AFB-78DB-47FE-BE7C-C61477068683}.Debug|Any CPU.ActiveCfg = Debug|Any CPU
		{A03E3AFB-78DB-47FE-BE7C-C61477068683}.Debug|Any CPU.Build.0 = Debug|Any CPU
		{A03E3AFB-78DB-47FE-BE7C-C61477068683}.Release|Any CPU.ActiveCfg = Release|Any CPU
		{A03E3AFB-78DB-47FE-BE7C-C61477068683}.Release|Any CPU.Build.0 = Release|Any CPU
	EndGlobalSection
	GlobalSection(SolutionProperties) = preSolution
		HideSolutionNode = FALSE
	EndGlobalSection
	GlobalSection(NestedProjects) = preSolution
		{2999F494-4F07-4ADB-B71D-E48AEFE5453D} = {4D95F895-8646-4788-A5C6-EEE5C5410BC7}
	EndGlobalSection
EndGlobal
